
Microsoft Visual Studio Solution File, Format Version 12.00
# Visual Studio Version 17
VisualStudioVersion = 17.9.34723.18
MinimumVisualStudioVersion = 10.0.40219.1
Project("{9A19103F-16F7-4668-BE54-9A1E7A4F7556}") = "clm", "clm.csproj", "{2B136E6F-55C1-4B03-A1DF-99FD90A80319}"
EndProject
Project("{FAE04EC0-301F-11D3-BF4B-00C04F79EFBC}") = "TestProject1", "..\TestProject1\TestProject1.csproj", "{9426001E-AB94-4FEA-A052-3148D34B718E}"
EndProject
Global
	GlobalSection(SolutionConfigurationPlatforms) = preSolution
		Debug|Any CPU = Debug|Any CPU
		Release|Any CPU = Release|Any CPU
	EndGlobalSection
	GlobalSection(ProjectConfigurationPlatforms) = postSolution
		{2B136E6F-55C1-4B03-A1DF-99FD90A80319}.Debug|Any CPU.ActiveCfg = Debug|Any CPU
		{2B136E6F-55C1-4B03-A1DF-99FD90A80319}.Debug|Any CPU.Build.0 = Debug|Any CPU
		{2B136E6F-55C1-4B03-A1DF-99FD90A80319}.Release|Any CPU.ActiveCfg = Release|Any CPU
		{2B136E6F-55C1-4B03-A1DF-99FD90A80319}.Release|Any CPU.Build.0 = Release|Any CPU
		{9426001E-AB94-4FEA-A052-3148D34B718E}.Debug|Any CPU.ActiveCfg = Debug|Any CPU
		{9426001E-AB94-4FEA-A052-3148D34B718E}.Debug|Any CPU.Build.0 = Debug|Any CPU
		{9426001E-AB94-4FEA-A052-3148D34B718E}.Release|Any CPU.ActiveCfg = Release|Any CPU
		{9426001E-AB94-4FEA-A052-3148D34B718E}.Release|Any CPU.Build.0 = Release|Any CPU
	EndGlobalSection
	GlobalSection(SolutionProperties) = preSolution
		HideSolutionNode = FALSE
	EndGlobalSection
	GlobalSection(ExtensibilityGlobals) = postSolution
		SolutionGuid = {7F8A5344-12EA-40F7-B1E5-AF0DF7ADE561}
	EndGlobalSection
EndGlobal
